// !$*UTF8*$!
{
	archiveVersion = 1;
	classes = {
	};
	objectVersion = 46;
	objects = {

/* Begin PBXBuildFile section */
		E518B2F31BCD82D5005FA2D6 /* main.m in Sources */ = {isa = PBXBuildFile; fileRef = E518B2F21BCD82D5005FA2D6 /* main.m */; };
		E518B2F61BCD82D5005FA2D6 /* AppDelegate.m in Sources */ = {isa = PBXBuildFile; fileRef = E518B2F51BCD82D5005FA2D6 /* AppDelegate.m */; };
		E518B2F91BCD82D5005FA2D6 /* ViewController.m in Sources */ = {isa = PBXBuildFile; fileRef = E518B2F81BCD82D5005FA2D6 /* ViewController.m */; };
		E518B2FC1BCD82D5005FA2D6 /* Main.storyboard in Resources */ = {isa = PBXBuildFile; fileRef = E518B2FA1BCD82D5005FA2D6 /* Main.storyboard */; };
		E518B2FE1BCD82D5005FA2D6 /* Assets.xcassets in Resources */ = {isa = PBXBuildFile; fileRef = E518B2FD1BCD82D5005FA2D6 /* Assets.xcassets */; };
		E518B3011BCD82D5005FA2D6 /* LaunchScreen.storyboard in Resources */ = {isa = PBXBuildFile; fileRef = E518B2FF1BCD82D5005FA2D6 /* LaunchScreen.storyboard */; };
		E518B30A1BCD82F8005FA2D6 /* MainPalette.m in Sources */ = {isa = PBXBuildFile; fileRef = E518B3091BCD82F8005FA2D6 /* MainPalette.m */; };
		E5B8461F1BD2622300A8FF54 /* SecondaryPalette.m in Sources */ = {isa = PBXBuildFile; fileRef = E5B8461E1BD2622300A8FF54 /* SecondaryPalette.m */; };
		E5E0C82A1BFCC90B00259F4B /* SwiftPalette.swift in Sources */ = {isa = PBXBuildFile; fileRef = E5E0C8291BFCC90B00259F4B /* SwiftPalette.swift */; };
/* End PBXBuildFile section */

/* Begin PBXFileReference section */
		E518B2EE1BCD82D5005FA2D6 /* CrayonsExample.app */ = {isa = PBXFileReference; explicitFileType = wrapper.application; includeInIndex = 0; path = CrayonsExample.app; sourceTree = BUILT_PRODUCTS_DIR; };
		E518B2F21BCD82D5005FA2D6 /* main.m */ = {isa = PBXFileReference; lastKnownFileType = sourcecode.c.objc; path = main.m; sourceTree = "<group>"; };
		E518B2F41BCD82D5005FA2D6 /* AppDelegate.h */ = {isa = PBXFileReference; lastKnownFileType = sourcecode.c.h; path = AppDelegate.h; sourceTree = "<group>"; };
		E518B2F51BCD82D5005FA2D6 /* AppDelegate.m */ = {isa = PBXFileReference; lastKnownFileType = sourcecode.c.objc; path = AppDelegate.m; sourceTree = "<group>"; };
		E518B2F71BCD82D5005FA2D6 /* ViewController.h */ = {isa = PBXFileReference; lastKnownFileType = sourcecode.c.h; path = ViewController.h; sourceTree = "<group>"; };
		E518B2F81BCD82D5005FA2D6 /* ViewController.m */ = {isa = PBXFileReference; lastKnownFileType = sourcecode.c.objc; path = ViewController.m; sourceTree = "<group>"; };
		E518B2FB1BCD82D5005FA2D6 /* Base */ = {isa = PBXFileReference; lastKnownFileType = file.storyboard; name = Base; path = Base.lproj/Main.storyboard; sourceTree = "<group>"; };
		E518B2FD1BCD82D5005FA2D6 /* Assets.xcassets */ = {isa = PBXFileReference; lastKnownFileType = folder.assetcatalog; path = Assets.xcassets; sourceTree = "<group>"; };
		E518B3001BCD82D5005FA2D6 /* Base */ = {isa = PBXFileReference; lastKnownFileType = file.storyboard; name = Base; path = Base.lproj/LaunchScreen.storyboard; sourceTree = "<group>"; };
		E518B3021BCD82D5005FA2D6 /* Info.plist */ = {isa = PBXFileReference; lastKnownFileType = text.plist.xml; path = Info.plist; sourceTree = "<group>"; };
		E518B3081BCD82F8005FA2D6 /* MainPalette.h */ = {isa = PBXFileReference; fileEncoding = 4; lastKnownFileType = sourcecode.c.h; path = MainPalette.h; sourceTree = "<group>"; };
		E518B3091BCD82F8005FA2D6 /* MainPalette.m */ = {isa = PBXFileReference; fileEncoding = 4; lastKnownFileType = sourcecode.c.objc; path = MainPalette.m; sourceTree = "<group>"; };
		E5B8461D1BD2622300A8FF54 /* SecondaryPalette.h */ = {isa = PBXFileReference; fileEncoding = 4; lastKnownFileType = sourcecode.c.h; path = SecondaryPalette.h; sourceTree = "<group>"; };
		E5B8461E1BD2622300A8FF54 /* SecondaryPalette.m */ = {isa = PBXFileReference; fileEncoding = 4; lastKnownFileType = sourcecode.c.objc; path = SecondaryPalette.m; sourceTree = "<group>"; };
		E5E0C8281BFCC90B00259F4B /* CrayonsExample-Bridging-Header.h */ = {isa = PBXFileReference; lastKnownFileType = sourcecode.c.h; path = "CrayonsExample-Bridging-Header.h"; sourceTree = "<group>"; };
		E5E0C8291BFCC90B00259F4B /* SwiftPalette.swift */ = {isa = PBXFileReference; fileEncoding = 4; lastKnownFileType = sourcecode.swift; path = SwiftPalette.swift; sourceTree = "<group>"; };
/* End PBXFileReference section */

/* Begin PBXFrameworksBuildPhase section */
		E518B2EB1BCD82D5005FA2D6 /* Frameworks */ = {
			isa = PBXFrameworksBuildPhase;
			buildActionMask = 2147483647;
			files = (
			);
			runOnlyForDeploymentPostprocessing = 0;
		};
/* End PBXFrameworksBuildPhase section */

/* Begin PBXGroup section */
		E518B2E51BCD82D5005FA2D6 = {
			isa = PBXGroup;
			children = (
				E518B2F01BCD82D5005FA2D6 /* CrayonsExample */,
				E518B2EF1BCD82D5005FA2D6 /* Products */,
			);
			sourceTree = "<group>";
		};
		E518B2EF1BCD82D5005FA2D6 /* Products */ = {
			isa = PBXGroup;
			children = (
				E518B2EE1BCD82D5005FA2D6 /* CrayonsExample.app */,
			);
			name = Products;
			sourceTree = "<group>";
		};
		E518B2F01BCD82D5005FA2D6 /* CrayonsExample */ = {
			isa = PBXGroup;
			children = (
				E518B2F41BCD82D5005FA2D6 /* AppDelegate.h */,
				E518B2F51BCD82D5005FA2D6 /* AppDelegate.m */,
				E518B2F71BCD82D5005FA2D6 /* ViewController.h */,
				E518B2F81BCD82D5005FA2D6 /* ViewController.m */,
				E518B3081BCD82F8005FA2D6 /* MainPalette.h */,
				E518B3091BCD82F8005FA2D6 /* MainPalette.m */,
				E5B8461D1BD2622300A8FF54 /* SecondaryPalette.h */,
				E5B8461E1BD2622300A8FF54 /* SecondaryPalette.m */,
				E5E0C8291BFCC90B00259F4B /* SwiftPalette.swift */,
				E518B2FA1BCD82D5005FA2D6 /* Main.storyboard */,
				E518B2FD1BCD82D5005FA2D6 /* Assets.xcassets */,
				E518B2FF1BCD82D5005FA2D6 /* LaunchScreen.storyboard */,
				E518B3021BCD82D5005FA2D6 /* Info.plist */,
				E518B2F11BCD82D5005FA2D6 /* Supporting Files */,
				E5E0C8281BFCC90B00259F4B /* CrayonsExample-Bridging-Header.h */,
			);
			path = CrayonsExample;
			sourceTree = "<group>";
		};
		E518B2F11BCD82D5005FA2D6 /* Supporting Files */ = {
			isa = PBXGroup;
			children = (
				E518B2F21BCD82D5005FA2D6 /* main.m */,
			);
			name = "Supporting Files";
			sourceTree = "<group>";
		};
/* End PBXGroup section */

/* Begin PBXNativeTarget section */
		E518B2ED1BCD82D5005FA2D6 /* CrayonsExample */ = {
			isa = PBXNativeTarget;
			buildConfigurationList = E518B3051BCD82D5005FA2D6 /* Build configuration list for PBXNativeTarget "CrayonsExample" */;
			buildPhases = (
				E518B2EA1BCD82D5005FA2D6 /* Sources */,
				E518B2EB1BCD82D5005FA2D6 /* Frameworks */,
				E518B2EC1BCD82D5005FA2D6 /* Resources */,
			);
			buildRules = (
			);
			dependencies = (
			);
			name = CrayonsExample;
			productName = PastelsExample;
			productReference = E518B2EE1BCD82D5005FA2D6 /* CrayonsExample.app */;
			productType = "com.apple.product-type.application";
		};
/* End PBXNativeTarget section */

/* Begin PBXProject section */
		E518B2E61BCD82D5005FA2D6 /* Project object */ = {
			isa = PBXProject;
			attributes = {
				LastSwiftUpdateCheck = 0710;
				LastUpgradeCheck = 0700;
				ORGANIZATIONNAME = "orange in a day";
				TargetAttributes = {
					E518B2ED1BCD82D5005FA2D6 = {
						CreatedOnToolsVersion = 7.0.1;
					};
				};
			};
			buildConfigurationList = E518B2E91BCD82D5005FA2D6 /* Build configuration list for PBXProject "CrayonsExample" */;
			compatibilityVersion = "Xcode 3.2";
			developmentRegion = English;
			hasScannedForEncodings = 0;
			knownRegions = (
				en,
				Base,
			);
			mainGroup = E518B2E51BCD82D5005FA2D6;
			productRefGroup = E518B2EF1BCD82D5005FA2D6 /* Products */;
			projectDirPath = "";
			projectRoot = "";
			targets = (
				E518B2ED1BCD82D5005FA2D6 /* CrayonsExample */,
			);
		};
/* End PBXProject section */

/* Begin PBXResourcesBuildPhase section */
		E518B2EC1BCD82D5005FA2D6 /* Resources */ = {
			isa = PBXResourcesBuildPhase;
			buildActionMask = 2147483647;
			files = (
				E518B3011BCD82D5005FA2D6 /* LaunchScreen.storyboard in Resources */,
				E518B2FE1BCD82D5005FA2D6 /* Assets.xcassets in Resources */,
				E518B2FC1BCD82D5005FA2D6 /* Main.storyboard in Resources */,
			);
			runOnlyForDeploymentPostprocessing = 0;
		};
/* End PBXResourcesBuildPhase section */

/* Begin PBXSourcesBuildPhase section */
		E518B2EA1BCD82D5005FA2D6 /* Sources */ = {
			isa = PBXSourcesBuildPhase;
			buildActionMask = 2147483647;
			files = (
				E518B30A1BCD82F8005FA2D6 /* MainPalette.m in Sources */,
				E518B2F91BCD82D5005FA2D6 /* ViewController.m in Sources */,
				E5B8461F1BD2622300A8FF54 /* SecondaryPalette.m in Sources */,
				E5E0C82A1BFCC90B00259F4B /* SwiftPalette.swift in Sources */,
				E518B2F61BCD82D5005FA2D6 /* AppDelegate.m in Sources */,
				E518B2F31BCD82D5005FA2D6 /* main.m in Sources */,
			);
			runOnlyForDeploymentPostprocessing = 0;
		};
/* End PBXSourcesBuildPhase section */

/* Begin PBXVariantGroup section */
		E518B2FA1BCD82D5005FA2D6 /* Main.storyboard */ = {
			isa = PBXVariantGroup;
			children = (
				E518B2FB1BCD82D5005FA2D6 /* Base */,
			);
			name = Main.storyboard;
			sourceTree = "<group>";
		};
		E518B2FF1BCD82D5005FA2D6 /* LaunchScreen.storyboard */ = {
			isa = PBXVariantGroup;
			children = (
				E518B3001BCD82D5005FA2D6 /* Base */,
			);
			name = LaunchScreen.storyboard;
			sourceTree = "<group>";
		};
/* End PBXVariantGroup section */

/* Begin XCBuildConfiguration section */
		E518B3031BCD82D5005FA2D6 /* Debug */ = {
			isa = XCBuildConfiguration;
			buildSettings = {
				ALWAYS_SEARCH_USER_PATHS = NO;
				CLANG_CXX_LANGUAGE_STANDARD = "gnu++0x";
				CLANG_CXX_LIBRARY = "libc++";
				CLANG_ENABLE_MODULES = YES;
				CLANG_ENABLE_OBJC_ARC = YES;
				CLANG_WARN_BOOL_CONVERSION = YES;
				CLANG_WARN_CONSTANT_CONVERSION = YES;
				CLANG_WARN_DIRECT_OBJC_ISA_USAGE = YES_ERROR;
				CLANG_WARN_EMPTY_BODY = YES;
				CLANG_WARN_ENUM_CONVERSION = YES;
				CLANG_WARN_INT_CONVERSION = YES;
				CLANG_WARN_OBJC_ROOT_CLASS = YES_ERROR;
				CLANG_WARN_UNREACHABLE_CODE = YES;
				CLANG_WARN__DUPLICATE_METHOD_MATCH = YES;
				"CODE_SIGN_IDENTITY[sdk=iphoneos*]" = "iPhone Developer";
				COPY_PHASE_STRIP = NO;
				DEBUG_INFORMATION_FORMAT = dwarf;
				ENABLE_STRICT_OBJC_MSGSEND = YES;
				ENABLE_TESTABILITY = YES;
				GCC_C_LANGUAGE_STANDARD = gnu99;
				GCC_DYNAMIC_NO_PIC = NO;
				GCC_NO_COMMON_BLOCKS = YES;
				GCC_OPTIMIZATION_LEVEL = 0;
				GCC_PREPROCESSOR_DEFINITIONS = (
					"DEBUG=1",
					"$(inherited)",
				);
				GCC_WARN_64_TO_32_BIT_CONVERSION = YES;
				GCC_WARN_ABOUT_RETURN_TYPE = YES_ERROR;
				GCC_WARN_UNDECLARED_SELECTOR = YES;
				GCC_WARN_UNINITIALIZED_AUTOS = YES_AGGRESSIVE;
				GCC_WARN_UNUSED_FUNCTION = YES;
				GCC_WARN_UNUSED_VARIABLE = YES;
				IPHONEOS_DEPLOYMENT_TARGET = 9.0;
				MTL_ENABLE_DEBUG_INFO = YES;
				ONLY_ACTIVE_ARCH = YES;
				SDKROOT = iphoneos;
				TARGETED_DEVICE_FAMILY = "1,2";
			};
			name = Debug;
		};
		E518B3041BCD82D5005FA2D6 /* Release */ = {
			isa = XCBuildConfiguration;
			buildSettings = {
				ALWAYS_SEARCH_USER_PATHS = NO;
				CLANG_CXX_LANGUAGE_STANDARD = "gnu++0x";
				CLANG_CXX_LIBRARY = "libc++";
				CLANG_ENABLE_MODULES = YES;
				CLANG_ENABLE_OBJC_ARC = YES;
				CLANG_WARN_BOOL_CONVERSION = YES;
				CLANG_WARN_CONSTANT_CONVERSION = YES;
				CLANG_WARN_DIRECT_OBJC_ISA_USAGE = YES_ERROR;
				CLANG_WARN_EMPTY_BODY = YES;
				CLANG_WARN_ENUM_CONVERSION = YES;
				CLANG_WARN_INT_CONVERSION = YES;
				CLANG_WARN_OBJC_ROOT_CLASS = YES_ERROR;
				CLANG_WARN_UNREACHABLE_CODE = YES;
				CLANG_WARN__DUPLICATE_METHOD_MATCH = YES;
				"CODE_SIGN_IDENTITY[sdk=iphoneos*]" = "iPhone Developer";
				COPY_PHASE_STRIP = NO;
				DEBUG_INFORMATION_FORMAT = "dwarf-with-dsym";
				ENABLE_NS_ASSERTIONS = NO;
				ENABLE_STRICT_OBJC_MSGSEND = YES;
				GCC_C_LANGUAGE_STANDARD = gnu99;
				GCC_NO_COMMON_BLOCKS = YES;
				GCC_WARN_64_TO_32_BIT_CONVERSION = YES;
				GCC_WARN_ABOUT_RETURN_TYPE = YES_ERROR;
				GCC_WARN_UNDECLARED_SELECTOR = YES;
				GCC_WARN_UNINITIALIZED_AUTOS = YES_AGGRESSIVE;
				GCC_WARN_UNUSED_FUNCTION = YES;
				GCC_WARN_UNUSED_VARIABLE = YES;
				IPHONEOS_DEPLOYMENT_TARGET = 9.0;
				MTL_ENABLE_DEBUG_INFO = NO;
				SDKROOT = iphoneos;
				TARGETED_DEVICE_FAMILY = "1,2";
				VALIDATE_PRODUCT = YES;
			};
			name = Release;
		};
		E518B3061BCD82D5005FA2D6 /* Debug */ = {
			isa = XCBuildConfiguration;
			buildSettings = {
				ASSETCATALOG_COMPILER_APPICON_NAME = AppIcon;
				CLANG_ENABLE_MODULES = YES;
				INFOPLIST_FILE = "$(SRCROOT)/CrayonsExample/Info.plist";
				LD_RUNPATH_SEARCH_PATHS = "$(inherited) @executable_path/Frameworks";
				PRODUCT_BUNDLE_IDENTIFIER = com.orangeinaday.CrayonsExample;
				PRODUCT_NAME = CrayonsExample;
				SWIFT_OBJC_BRIDGING_HEADER = "CrayonsExample/CrayonsExample-Bridging-Header.h";
				SWIFT_OPTIMIZATION_LEVEL = "-Onone";
			};
			name = Debug;
		};
		E518B3071BCD82D5005FA2D6 /* Release */ = {
			isa = XCBuildConfiguration;
			buildSettings = {
				ASSETCATALOG_COMPILER_APPICON_NAME = AppIcon;
				CLANG_ENABLE_MODULES = YES;
				INFOPLIST_FILE = "$(SRCROOT)/CrayonsExample/Info.plist";
				LD_RUNPATH_SEARCH_PATHS = "$(inherited) @executable_path/Frameworks";
				PRODUCT_BUNDLE_IDENTIFIER = com.orangeinaday.CrayonsExample;
				PRODUCT_NAME = CrayonsExample;
				SWIFT_OBJC_BRIDGING_HEADER = "CrayonsExample/CrayonsExample-Bridging-Header.h";
			};
			name = Release;
		};
/* End XCBuildConfiguration section */

/* Begin XCConfigurationList section */
		E518B2E91BCD82D5005FA2D6 /* Build configuration list for PBXProject "CrayonsExample" */ = {
			isa = XCConfigurationList;
			buildConfigurations = (
				E518B3031BCD82D5005FA2D6 /* Debug */,
				E518B3041BCD82D5005FA2D6 /* Release */,
			);
			defaultConfigurationIsVisible = 0;
			defaultConfigurationName = Release;
		};
		E518B3051BCD82D5005FA2D6 /* Build configuration list for PBXNativeTarget "CrayonsExample" */ = {
			isa = XCConfigurationList;
			buildConfigurations = (
				E518B3061BCD82D5005FA2D6 /* Debug */,
				E518B3071BCD82D5005FA2D6 /* Release */,
			);
			defaultConfigurationIsVisible = 0;
			defaultConfigurationName = Release;
		};
/* End XCConfigurationList section */
	};
	rootObject = E518B2E61BCD82D5005FA2D6 /* Project object */;
}
